
Microsoft Visual Studio Solution File, Format Version 12.00
# Visual Studio Version 17
VisualStudioVersion = 17.8.34309.116
MinimumVisualStudioVersion = 10.0.40219.1
Project("{8BC9CEB8-8B4A-11D0-8D11-00A0C91BC942}") = "AvoidGame", "AvoidGame\AvoidGame.vcxproj", "{4DAAA9D1-3FF0-4F4C-BC45-0D3670E46B26}"
EndProject
Global
	GlobalSection(SolutionConfigurationPlatforms) = preSolution
		Debug|x64 = Debug|x64
		Debug|x86 = Debug|x86
		Release|x64 = Release|x64
		Release|x86 = Release|x86
	EndGlobalSection
	GlobalSection(ProjectConfigurationPlatforms) = postSolution
		{4DAAA9D1-3FF0-4F4C-BC45-0D3670E46B26}.Debug|x64.ActiveCfg = Debug|x64
		{4DAAA9D1-3FF0-4F4C-BC45-0D3670E46B26}.Debug|x64.Build.0 = Debug|x64
		{4DAAA9D1-3FF0-4F4C-BC45-0D3670E46B26}.Debug|x86.ActiveCfg = Debug|Win32
		{4DAAA9D1-3FF0-4F4C-BC45-0D3670E46B26}.Debug|x86.Build.0 = Debug|Win32
		{4DAAA9D1-3FF0-4F4C-BC45-0D3670E46B26}.Release|x64.ActiveCfg = Release|x64
		{4DAAA9D1-3FF0-4F4C-BC45-0D3670E46B26}.Release|x64.Build.0 = Release|x64
		{4DAAA9D1-3FF0-4F4C-BC45-0D3670E46B26}.Release|x86.ActiveCfg = Release|Win32
		{4DAAA9D1-3FF0-4F4C-BC45-0D3670E46B26}.Release|x86.Build.0 = Release|Win32
	EndGlobalSection
	GlobalSection(SolutionProperties) = preSolution
		HideSolutionNode = FALSE
	EndGlobalSection
	GlobalSection(ExtensibilityGlobals) = postSolution
		SolutionGuid = {ABD66484-2520-4A71-8BE2-0C3CF538CA72}
	EndGlobalSection
EndGlobal
